
Microsoft Visual Studio Solution File, Format Version 12.00
# Visual Studio Version 17
VisualStudioVersion = 17.14.36705.20 d17.14
MinimumVisualStudioVersion = 10.0.40219.1
Project("{8BC9CEB8-8B4A-11D0-8D11-00A0C91BC942}") = "图", "图\图.vcxproj", "{260A1AB9-3CE5-4644-A18D-695CFDB83F76}"
EndProject
Global
	GlobalSection(SolutionConfigurationPlatforms) = preSolution
		Debug|x64 = Debug|x64
		Debug|x86 = Debug|x86
		Release|x64 = Release|x64
		Release|x86 = Release|x86
	EndGlobalSection
	GlobalSection(ProjectConfigurationPlatforms) = postSolution
		{260A1AB9-3CE5-4644-A18D-695CFDB83F76}.Debug|x64.ActiveCfg = Debug|x64
		{260A1AB9-3CE5-4644-A18D-695CFDB83F76}.Debug|x64.Build.0 = Debug|x64
		{260A1AB9-3CE5-4644-A18D-695CFDB83F76}.Debug|x86.ActiveCfg = Debug|Win32
		{260A1AB9-3CE5-4644-A18D-695CFDB83F76}.Debug|x86.Build.0 = Debug|Win32
		{260A1AB9-3CE5-4644-A18D-695CFDB83F76}.Release|x64.ActiveCfg = Release|x64
		{260A1AB9-3CE5-4644-A18D-695CFDB83F76}.Release|x64.Build.0 = Release|x64
		{260A1AB9-3CE5-4644-A18D-695CFDB83F76}.Release|x86.ActiveCfg = Release|Win32
		{260A1AB9-3CE5-4644-A18D-695CFDB83F76}.Release|x86.Build.0 = Release|Win32
	EndGlobalSection
	GlobalSection(SolutionProperties) = preSolution
		HideSolutionNode = FALSE
	EndGlobalSection
	GlobalSection(ExtensibilityGlobals) = postSolution
		SolutionGuid = {B65104C1-0D9C-4DE6-862A-506D4E953F40}
	EndGlobalSection
EndGlobal
